// !$*UTF8*$!
{
	archiveVersion = 1;
	classes = {
	};
	objectVersion = 56;
	objects = {

/* Begin PBXBuildFile section */
		F65AC2E429BB896400A760B2 /* AppDelegate.swift in Sources */ = {isa = PBXBuildFile; fileRef = F65AC2E329BB896400A760B2 /* AppDelegate.swift */; };
		F65AC2E629BB896400A760B2 /* SceneDelegate.swift in Sources */ = {isa = PBXBuildFile; fileRef = F65AC2E529BB896400A760B2 /* SceneDelegate.swift */; };
		F65AC2E829BB896400A760B2 /* ReminderListViewController.swift in Sources */ = {isa = PBXBuildFile; fileRef = F65AC2E729BB896400A760B2 /* ReminderListViewController.swift */; };
		F65AC2EB29BB896400A760B2 /* Main.storyboard in Resources */ = {isa = PBXBuildFile; fileRef = F65AC2E929BB896400A760B2 /* Main.storyboard */; };
		F65AC2ED29BB896600A760B2 /* Assets.xcassets in Resources */ = {isa = PBXBuildFile; fileRef = F65AC2EC29BB896600A760B2 /* Assets.xcassets */; };
		F65AC2F029BB896600A760B2 /* LaunchScreen.storyboard in Resources */ = {isa = PBXBuildFile; fileRef = F65AC2EE29BB896600A760B2 /* LaunchScreen.storyboard */; };
		F65AC2F929BBC0E900A760B2 /* Reminder.swift in Sources */ = {isa = PBXBuildFile; fileRef = F65AC2F829BBC0E900A760B2 /* Reminder.swift */; };
		F65AC2FB29BBE10400A760B2 /* Date+Today.swift in Sources */ = {isa = PBXBuildFile; fileRef = F65AC2FA29BBE10400A760B2 /* Date+Today.swift */; };
		F65AC2FE29BBE48600A760B2 /* ReminderListViewController+DataSource.swift in Sources */ = {isa = PBXBuildFile; fileRef = F65AC2FD29BBE48600A760B2 /* ReminderListViewController+DataSource.swift */; };
		F666A90029BF53CD00302B17 /* ReminderDoneButton.swift in Sources */ = {isa = PBXBuildFile; fileRef = F666A8FF29BF53CD00302B17 /* ReminderDoneButton.swift */; };
		F68D3E6A29BF5D2B00904B3F /* ReminderListViewController+Actions.swift in Sources */ = {isa = PBXBuildFile; fileRef = F68D3E6929BF5D2B00904B3F /* ReminderListViewController+Actions.swift */; };
/* End PBXBuildFile section */

/* Begin PBXFileReference section */
		F65AC2E029BB896400A760B2 /* Today.app */ = {isa = PBXFileReference; explicitFileType = wrapper.application; includeInIndex = 0; path = Today.app; sourceTree = BUILT_PRODUCTS_DIR; };
		F65AC2E329BB896400A760B2 /* AppDelegate.swift */ = {isa = PBXFileReference; lastKnownFileType = sourcecode.swift; path = AppDelegate.swift; sourceTree = "<group>"; };
		F65AC2E529BB896400A760B2 /* SceneDelegate.swift */ = {isa = PBXFileReference; lastKnownFileType = sourcecode.swift; path = SceneDelegate.swift; sourceTree = "<group>"; };
		F65AC2E729BB896400A760B2 /* ReminderListViewController.swift */ = {isa = PBXFileReference; lastKnownFileType = sourcecode.swift; path = ReminderListViewController.swift; sourceTree = "<group>"; };
		F65AC2EA29BB896400A760B2 /* Base */ = {isa = PBXFileReference; lastKnownFileType = file.storyboard; name = Base; path = Base.lproj/Main.storyboard; sourceTree = "<group>"; };
		F65AC2EC29BB896600A760B2 /* Assets.xcassets */ = {isa = PBXFileReference; lastKnownFileType = folder.assetcatalog; path = Assets.xcassets; sourceTree = "<group>"; };
		F65AC2EF29BB896600A760B2 /* Base */ = {isa = PBXFileReference; lastKnownFileType = file.storyboard; name = Base; path = Base.lproj/LaunchScreen.storyboard; sourceTree = "<group>"; };
		F65AC2F129BB896600A760B2 /* Info.plist */ = {isa = PBXFileReference; lastKnownFileType = text.plist.xml; path = Info.plist; sourceTree = "<group>"; };
		F65AC2F829BBC0E900A760B2 /* Reminder.swift */ = {isa = PBXFileReference; lastKnownFileType = sourcecode.swift; path = Reminder.swift; sourceTree = "<group>"; };
		F65AC2FA29BBE10400A760B2 /* Date+Today.swift */ = {isa = PBXFileReference; lastKnownFileType = sourcecode.swift; path = "Date+Today.swift"; sourceTree = "<group>"; };
		F65AC2FD29BBE48600A760B2 /* ReminderListViewController+DataSource.swift */ = {isa = PBXFileReference; lastKnownFileType = sourcecode.swift; path = "ReminderListViewController+DataSource.swift"; sourceTree = "<group>"; };
		F666A8FF29BF53CD00302B17 /* ReminderDoneButton.swift */ = {isa = PBXFileReference; lastKnownFileType = sourcecode.swift; path = ReminderDoneButton.swift; sourceTree = "<group>"; };
		F68D3E6929BF5D2B00904B3F /* ReminderListViewController+Actions.swift */ = {isa = PBXFileReference; lastKnownFileType = sourcecode.swift; path = "ReminderListViewController+Actions.swift"; sourceTree = "<group>"; };
/* End PBXFileReference section */

/* Begin PBXFrameworksBuildPhase section */
		F65AC2DD29BB896400A760B2 /* Frameworks */ = {
			isa = PBXFrameworksBuildPhase;
			buildActionMask = 2147483647;
			files = (
			);
			runOnlyForDeploymentPostprocessing = 0;
		};
/* End PBXFrameworksBuildPhase section */

/* Begin PBXGroup section */
		F65AC2D729BB896400A760B2 = {
			isa = PBXGroup;
			children = (
				F65AC2E229BB896400A760B2 /* Today */,
				F65AC2E129BB896400A760B2 /* Products */,
			);
			sourceTree = "<group>";
		};
		F65AC2E129BB896400A760B2 /* Products */ = {
			isa = PBXGroup;
			children = (
				F65AC2E029BB896400A760B2 /* Today.app */,
			);
			name = Products;
			sourceTree = "<group>";
		};
		F65AC2E229BB896400A760B2 /* Today */ = {
			isa = PBXGroup;
			children = (
				F65AC2F729BBC09900A760B2 /* Models */,
				F65AC2FC29BBE44500A760B2 /* ListViewController */,
				F65AC2E329BB896400A760B2 /* AppDelegate.swift */,
				F65AC2E529BB896400A760B2 /* SceneDelegate.swift */,
				F65AC2E929BB896400A760B2 /* Main.storyboard */,
				F65AC2EC29BB896600A760B2 /* Assets.xcassets */,
				F65AC2EE29BB896600A760B2 /* LaunchScreen.storyboard */,
				F65AC2F129BB896600A760B2 /* Info.plist */,
			);
			path = Today;
			sourceTree = "<group>";
		};
		F65AC2F729BBC09900A760B2 /* Models */ = {
			isa = PBXGroup;
			children = (
				F65AC2F829BBC0E900A760B2 /* Reminder.swift */,
				F65AC2FA29BBE10400A760B2 /* Date+Today.swift */,
			);
			path = Models;
			sourceTree = "<group>";
		};
		F65AC2FC29BBE44500A760B2 /* ListViewController */ = {
			isa = PBXGroup;
			children = (
				F65AC2E729BB896400A760B2 /* ReminderListViewController.swift */,
				F65AC2FD29BBE48600A760B2 /* ReminderListViewController+DataSource.swift */,
				F666A8FF29BF53CD00302B17 /* ReminderDoneButton.swift */,
				F68D3E6929BF5D2B00904B3F /* ReminderListViewController+Actions.swift */,
			);
			path = ListViewController;
			sourceTree = "<group>";
		};
/* End PBXGroup section */

/* Begin PBXNativeTarget section */
		F65AC2DF29BB896400A760B2 /* Today */ = {
			isa = PBXNativeTarget;
			buildConfigurationList = F65AC2F429BB896600A760B2 /* Build configuration list for PBXNativeTarget "Today" */;
			buildPhases = (
				F65AC2DC29BB896400A760B2 /* Sources */,
				F65AC2DD29BB896400A760B2 /* Frameworks */,
				F65AC2DE29BB896400A760B2 /* Resources */,
			);
			buildRules = (
			);
			dependencies = (
			);
			name = Today;
			productName = Today;
			productReference = F65AC2E029BB896400A760B2 /* Today.app */;
			productType = "com.apple.product-type.application";
		};
/* End PBXNativeTarget section */

/* Begin PBXProject section */
		F65AC2D829BB896400A760B2 /* Project object */ = {
			isa = PBXProject;
			attributes = {
				BuildIndependentTargetsInParallel = 1;
				LastSwiftUpdateCheck = 1420;
				LastUpgradeCheck = 1420;
				TargetAttributes = {
					F65AC2DF29BB896400A760B2 = {
						CreatedOnToolsVersion = 14.2;
					};
				};
			};
			buildConfigurationList = F65AC2DB29BB896400A760B2 /* Build configuration list for PBXProject "Today" */;
			compatibilityVersion = "Xcode 14.0";
			developmentRegion = en;
			hasScannedForEncodings = 0;
			knownRegions = (
				en,
				Base,
			);
			mainGroup = F65AC2D729BB896400A760B2;
			productRefGroup = F65AC2E129BB896400A760B2 /* Products */;
			projectDirPath = "";
			projectRoot = "";
			targets = (
				F65AC2DF29BB896400A760B2 /* Today */,
			);
		};
/* End PBXProject section */

/* Begin PBXResourcesBuildPhase section */
		F65AC2DE29BB896400A760B2 /* Resources */ = {
			isa = PBXResourcesBuildPhase;
			buildActionMask = 2147483647;
			files = (
				F65AC2F029BB896600A760B2 /* LaunchScreen.storyboard in Resources */,
				F65AC2ED29BB896600A760B2 /* Assets.xcassets in Resources */,
				F65AC2EB29BB896400A760B2 /* Main.storyboard in Resources */,
			);
			runOnlyForDeploymentPostprocessing = 0;
		};
/* End PBXResourcesBuildPhase section */

/* Begin PBXSourcesBuildPhase section */
		F65AC2DC29BB896400A760B2 /* Sources */ = {
			isa = PBXSourcesBuildPhase;
			buildActionMask = 2147483647;
			files = (
				F68D3E6A29BF5D2B00904B3F /* ReminderListViewController+Actions.swift in Sources */,
				F65AC2E829BB896400A760B2 /* ReminderListViewController.swift in Sources */,
				F65AC2FB29BBE10400A760B2 /* Date+Today.swift in Sources */,
				F65AC2E429BB896400A760B2 /* AppDelegate.swift in Sources */,
				F65AC2E629BB896400A760B2 /* SceneDelegate.swift in Sources */,
				F65AC2F929BBC0E900A760B2 /* Reminder.swift in Sources */,
				F666A90029BF53CD00302B17 /* ReminderDoneButton.swift in Sources */,
				F65AC2FE29BBE48600A760B2 /* ReminderListViewController+DataSource.swift in Sources */,
			);
			runOnlyForDeploymentPostprocessing = 0;
		};
/* End PBXSourcesBuildPhase section */

/* Begin PBXVariantGroup section */
		F65AC2E929BB896400A760B2 /* Main.storyboard */ = {
			isa = PBXVariantGroup;
			children = (
				F65AC2EA29BB896400A760B2 /* Base */,
			);
			name = Main.storyboard;
			sourceTree = "<group>";
		};
		F65AC2EE29BB896600A760B2 /* LaunchScreen.storyboard */ = {
			isa = PBXVariantGroup;
			children = (
				F65AC2EF29BB896600A760B2 /* Base */,
			);
			name = LaunchScreen.storyboard;
			sourceTree = "<group>";
		};
/* End PBXVariantGroup section */

/* Begin XCBuildConfiguration section */
		F65AC2F229BB896600A760B2 /* Debug */ = {
			isa = XCBuildConfiguration;
			buildSettings = {
				ALWAYS_SEARCH_USER_PATHS = NO;
				CLANG_ANALYZER_NONNULL = YES;
				CLANG_ANALYZER_NUMBER_OBJECT_CONVERSION = YES_AGGRESSIVE;
				CLANG_CXX_LANGUAGE_STANDARD = "gnu++20";
				CLANG_ENABLE_MODULES = YES;
				CLANG_ENABLE_OBJC_ARC = YES;
				CLANG_ENABLE_OBJC_WEAK = YES;
				CLANG_WARN_BLOCK_CAPTURE_AUTORELEASING = YES;
				CLANG_WARN_BOOL_CONVERSION = YES;
				CLANG_WARN_COMMA = YES;
				CLANG_WARN_CONSTANT_CONVERSION = YES;
				CLANG_WARN_DEPRECATED_OBJC_IMPLEMENTATIONS = YES;
				CLANG_WARN_DIRECT_OBJC_ISA_USAGE = YES_ERROR;
				CLANG_WARN_DOCUMENTATION_COMMENTS = YES;
				CLANG_WARN_EMPTY_BODY = YES;
				CLANG_WARN_ENUM_CONVERSION = YES;
				CLANG_WARN_INFINITE_RECURSION = YES;
				CLANG_WARN_INT_CONVERSION = YES;
				CLANG_WARN_NON_LITERAL_NULL_CONVERSION = YES;
				CLANG_WARN_OBJC_IMPLICIT_RETAIN_SELF = YES;
				CLANG_WARN_OBJC_LITERAL_CONVERSION = YES;
				CLANG_WARN_OBJC_ROOT_CLASS = YES_ERROR;
				CLANG_WARN_QUOTED_INCLUDE_IN_FRAMEWORK_HEADER = YES;
				CLANG_WARN_RANGE_LOOP_ANALYSIS = YES;
				CLANG_WARN_STRICT_PROTOTYPES = YES;
				CLANG_WARN_SUSPICIOUS_MOVE = YES;
				CLANG_WARN_UNGUARDED_AVAILABILITY = YES_AGGRESSIVE;
				CLANG_WARN_UNREACHABLE_CODE = YES;
				CLANG_WARN__DUPLICATE_METHOD_MATCH = YES;
				COPY_PHASE_STRIP = NO;
				DEBUG_INFORMATION_FORMAT = dwarf;
				ENABLE_STRICT_OBJC_MSGSEND = YES;
				ENABLE_TESTABILITY = YES;
				GCC_C_LANGUAGE_STANDARD = gnu11;
				GCC_DYNAMIC_NO_PIC = NO;
				GCC_NO_COMMON_BLOCKS = YES;
				GCC_OPTIMIZATION_LEVEL = 0;
				GCC_PREPROCESSOR_DEFINITIONS = (
					"DEBUG=1",
					"$(inherited)",
				);
				GCC_WARN_64_TO_32_BIT_CONVERSION = YES;
				GCC_WARN_ABOUT_RETURN_TYPE = YES_ERROR;
				GCC_WARN_UNDECLARED_SELECTOR = YES;
				GCC_WARN_UNINITIALIZED_AUTOS = YES_AGGRESSIVE;
				GCC_WARN_UNUSED_FUNCTION = YES;
				GCC_WARN_UNUSED_VARIABLE = YES;
				IPHONEOS_DEPLOYMENT_TARGET = 16.2;
				MTL_ENABLE_DEBUG_INFO = INCLUDE_SOURCE;
				MTL_FAST_MATH = YES;
				ONLY_ACTIVE_ARCH = YES;
				SDKROOT = iphoneos;
				SWIFT_ACTIVE_COMPILATION_CONDITIONS = DEBUG;
				SWIFT_OPTIMIZATION_LEVEL = "-Onone";
			};
			name = Debug;
		};
		F65AC2F329BB896600A760B2 /* Release */ = {
			isa = XCBuildConfiguration;
			buildSettings = {
				ALWAYS_SEARCH_USER_PATHS = NO;
				CLANG_ANALYZER_NONNULL = YES;
				CLANG_ANALYZER_NUMBER_OBJECT_CONVERSION = YES_AGGRESSIVE;
				CLANG_CXX_LANGUAGE_STANDARD = "gnu++20";
				CLANG_ENABLE_MODULES = YES;
				CLANG_ENABLE_OBJC_ARC = YES;
				CLANG_ENABLE_OBJC_WEAK = YES;
				CLANG_WARN_BLOCK_CAPTURE_AUTORELEASING = YES;
				CLANG_WARN_BOOL_CONVERSION = YES;
				CLANG_WARN_COMMA = YES;
				CLANG_WARN_CONSTANT_CONVERSION = YES;
				CLANG_WARN_DEPRECATED_OBJC_IMPLEMENTATIONS = YES;
				CLANG_WARN_DIRECT_OBJC_ISA_USAGE = YES_ERROR;
				CLANG_WARN_DOCUMENTATION_COMMENTS = YES;
				CLANG_WARN_EMPTY_BODY = YES;
				CLANG_WARN_ENUM_CONVERSION = YES;
				CLANG_WARN_INFINITE_RECURSION = YES;
				CLANG_WARN_INT_CONVERSION = YES;
				CLANG_WARN_NON_LITERAL_NULL_CONVERSION = YES;
				CLANG_WARN_OBJC_IMPLICIT_RETAIN_SELF = YES;
				CLANG_WARN_OBJC_LITERAL_CONVERSION = YES;
				CLANG_WARN_OBJC_ROOT_CLASS = YES_ERROR;
				CLANG_WARN_QUOTED_INCLUDE_IN_FRAMEWORK_HEADER = YES;
				CLANG_WARN_RANGE_LOOP_ANALYSIS = YES;
				CLANG_WARN_STRICT_PROTOTYPES = YES;
				CLANG_WARN_SUSPICIOUS_MOVE = YES;
				CLANG_WARN_UNGUARDED_AVAILABILITY = YES_AGGRESSIVE;
				CLANG_WARN_UNREACHABLE_CODE = YES;
				CLANG_WARN__DUPLICATE_METHOD_MATCH = YES;
				COPY_PHASE_STRIP = NO;
				DEBUG_INFORMATION_FORMAT = "dwarf-with-dsym";
				ENABLE_NS_ASSERTIONS = NO;
				ENABLE_STRICT_OBJC_MSGSEND = YES;
				GCC_C_LANGUAGE_STANDARD = gnu11;
				GCC_NO_COMMON_BLOCKS = YES;
				GCC_WARN_64_TO_32_BIT_CONVERSION = YES;
				GCC_WARN_ABOUT_RETURN_TYPE = YES_ERROR;
				GCC_WARN_UNDECLARED_SELECTOR = YES;
				GCC_WARN_UNINITIALIZED_AUTOS = YES_AGGRESSIVE;
				GCC_WARN_UNUSED_FUNCTION = YES;
				GCC_WARN_UNUSED_VARIABLE = YES;
				IPHONEOS_DEPLOYMENT_TARGET = 16.2;
				MTL_ENABLE_DEBUG_INFO = NO;
				MTL_FAST_MATH = YES;
				SDKROOT = iphoneos;
				SWIFT_COMPILATION_MODE = wholemodule;
				SWIFT_OPTIMIZATION_LEVEL = "-O";
				VALIDATE_PRODUCT = YES;
			};
			name = Release;
		};
		F65AC2F529BB896600A760B2 /* Debug */ = {
			isa = XCBuildConfiguration;
			buildSettings = {
				ASSETCATALOG_COMPILER_APPICON_NAME = AppIcon;
				ASSETCATALOG_COMPILER_GLOBAL_ACCENT_COLOR_NAME = AccentColor;
				CODE_SIGN_STYLE = Automatic;
				CURRENT_PROJECT_VERSION = 1;
				DEVELOPMENT_TEAM = 7TWP4BD49D;
				GENERATE_INFOPLIST_FILE = YES;
				INFOPLIST_FILE = Today/Info.plist;
				INFOPLIST_KEY_UIApplicationSupportsIndirectInputEvents = YES;
				INFOPLIST_KEY_UILaunchStoryboardName = LaunchScreen;
				INFOPLIST_KEY_UIMainStoryboardFile = Main;
				INFOPLIST_KEY_UISupportedInterfaceOrientations_iPad = "UIInterfaceOrientationPortrait UIInterfaceOrientationPortraitUpsideDown UIInterfaceOrientationLandscapeLeft UIInterfaceOrientationLandscapeRight";
				INFOPLIST_KEY_UISupportedInterfaceOrientations_iPhone = "UIInterfaceOrientationPortrait UIInterfaceOrientationLandscapeLeft UIInterfaceOrientationLandscapeRight";
				LD_RUNPATH_SEARCH_PATHS = (
					"$(inherited)",
					"@executable_path/Frameworks",
				);
				MARKETING_VERSION = 1.0;
				PRODUCT_BUNDLE_IDENTIFIER = com.kubracennetyavasoglu.Today;
				PRODUCT_NAME = "$(TARGET_NAME)";
				SWIFT_EMIT_LOC_STRINGS = YES;
				SWIFT_VERSION = 5.0;
				TARGETED_DEVICE_FAMILY = "1,2";
			};
			name = Debug;
		};
		F65AC2F629BB896600A760B2 /* Release */ = {
			isa = XCBuildConfiguration;
			buildSettings = {
				ASSETCATALOG_COMPILER_APPICON_NAME = AppIcon;
				ASSETCATALOG_COMPILER_GLOBAL_ACCENT_COLOR_NAME = AccentColor;
				CODE_SIGN_STYLE = Automatic;
				CURRENT_PROJECT_VERSION = 1;
				DEVELOPMENT_TEAM = 7TWP4BD49D;
				GENERATE_INFOPLIST_FILE = YES;
				INFOPLIST_FILE = Today/Info.plist;
				INFOPLIST_KEY_UIApplicationSupportsIndirectInputEvents = YES;
				INFOPLIST_KEY_UILaunchStoryboardName = LaunchScreen;
				INFOPLIST_KEY_UIMainStoryboardFile = Main;
				INFOPLIST_KEY_UISupportedInterfaceOrientations_iPad = "UIInterfaceOrientationPortrait UIInterfaceOrientationPortraitUpsideDown UIInterfaceOrientationLandscapeLeft UIInterfaceOrientationLandscapeRight";
				INFOPLIST_KEY_UISupportedInterfaceOrientations_iPhone = "UIInterfaceOrientationPortrait UIInterfaceOrientationLandscapeLeft UIInterfaceOrientationLandscapeRight";
				LD_RUNPATH_SEARCH_PATHS = (
					"$(inherited)",
					"@executable_path/Frameworks",
				);
				MARKETING_VERSION = 1.0;
				PRODUCT_BUNDLE_IDENTIFIER = com.kubracennetyavasoglu.Today;
				PRODUCT_NAME = "$(TARGET_NAME)";
				SWIFT_EMIT_LOC_STRINGS = YES;
				SWIFT_VERSION = 5.0;
				TARGETED_DEVICE_FAMILY = "1,2";
			};
			name = Release;
		};
/* End XCBuildConfiguration section */

/* Begin XCConfigurationList section */
		F65AC2DB29BB896400A760B2 /* Build configuration list for PBXProject "Today" */ = {
			isa = XCConfigurationList;
			buildConfigurations = (
				F65AC2F229BB896600A760B2 /* Debug */,
				F65AC2F329BB896600A760B2 /* Release */,
			);
			defaultConfigurationIsVisible = 0;
			defaultConfigurationName = Release;
		};
		F65AC2F429BB896600A760B2 /* Build configuration list for PBXNativeTarget "Today" */ = {
			isa = XCConfigurationList;
			buildConfigurations = (
				F65AC2F529BB896600A760B2 /* Debug */,
				F65AC2F629BB896600A760B2 /* Release */,
			);
			defaultConfigurationIsVisible = 0;
			defaultConfigurationName = Release;
		};
/* End XCConfigurationList section */
	};
	rootObject = F65AC2D829BB896400A760B2 /* Project object */;
}
